{
  "meteor": {},
  "dependencies": {
    "basePackages": {
      "bootstrap-3": {}
    },
    "packages": {
      "bootstrap-3": {
        "git": "https://github.com/mangasocial/meteor-bootstrap-3.git",
        "tag": "v0.2.8",
        "commit": "8026f0beaa0274849adfcf8c53d919216b5e06ba"
      }
    }
  }
}
